{
  "name": "atlantis-cdktn-e2e",
  "lockfileVersion": 3,
  "requires": true,
  "packages": {
    "": {
      "name": "atlantis-cdktn-e2e",
      "dependencies": {
        "cdktn": "0.24.0",
        "constructs": "10.6.0"
      }
    },
    "node_modules/cdktn": {
      "version": "0.24.0",
      "resolved": "https://registry.npmjs.org/cdktn/-/cdktn-0.24.0.tgz",
      "integrity": "sha512-Ok7kYlM2BWyXebnQi4Se9JPsjsRZKoVtkyshkVEkhHY/fGWonMvdWvivXmdB6caBGcQ8cwioQOZXKkps+dCnZg==",
      "bundleDependencies": [
        "fflate",
        "safe-stable-stringify",
        "semver"
      ],
      "license": "MPL-2.0",
      "dependencies": {
        "fflate": "0.8.3",
        "safe-stable-stringify": "2.5.0",
        "semver": "7.8.5"
      },
      "peerDependencies": {
        "constructs": ">=10.6.0 <10.8.0"
      }
    },
    "node_modules/cdktn/node_modules/fflate": {
      "version": "0.8.3",
      "inBundle": true,
      "license": "MIT"
    },
    "node_modules/cdktn/node_modules/safe-stable-stringify": {
      "version": "2.5.0",
      "inBundle": true,
      "license": "MIT",
      "engines": {
        "node": ">=10"
      }
    },
    "node_modules/cdktn/node_modules/semver": {
      "version": "7.8.5",
      "inBundle": true,
      "license": "ISC",
      "bin": {
        "semver": "bin/semver.js"
      },
      "engines": {
        "node": ">=10"
      }
    },
    "node_modules/constructs": {
      "version": "10.6.0",
      "resolved": "https://registry.npmjs.org/constructs/-/constructs-10.6.0.tgz",
      "integrity": "sha512-TxHOnBO5zMo/G76ykzGF/wMpEHu257TbWiIxP9K0Yv/+t70UzgBQiTqjkAsWOPC6jW91DzJI0+ehQV6xDRNBuQ==",
      "license": "Apache-2.0"
    }
  }
}
